
Microsoft Visual Studio Solution File, Format Version 12.00
# Visual Studio Version 17
VisualStudioVersion = 17.3.32929.385
MinimumVisualStudioVersion = 10.0.40219.1
Project("{9A19103F-16F7-4668-BE54-9A1E7A4F7556}") = "MSSQL.DIARY.COMN", "src\MSSQL.DIARY.COMMON\MSSQL.DIARY.COMN.csproj", "{1EBBEF2C-7F00-4B7A-8349-AE2134CB56D6}"
EndProject
Project("{9A19103F-16F7-4668-BE54-9A1E7A4F7556}") = "MSSQL.DIARY.EF", "src\MSSQL.DIARY.EF\MSSQL.DIARY.EF.csproj", "{0E927839-90EA-4AA1-83B1-5D05869CDD5E}"
EndProject
Project("{9A19103F-16F7-4668-BE54-9A1E7A4F7556}") = "MSSQL.DIARY.SRV", "src\MSSQL.DIARY.SRV\MSSQL.DIARY.SRV.csproj", "{DCF008AC-23C2-4376-AA9D-F25D0391F9EF}"
EndProject
Project("{FAE04EC0-301F-11D3-BF4B-00C04F79EFBC}") = "MSSQL.DIARY.ERDIAGRAM", "src\MSSQL.DIARY.ERDIAGRAM\MSSQL.DIARY.ERDIAGRAM.csproj", "{0803AEF1-FE9E-476C-AB79-1027323DAD53}"
EndProject
Project("{9A19103F-16F7-4668-BE54-9A1E7A4F7556}") = "MSSQL.DIARY.UI.APP", "src\MSSQL.DIARY.UI.APP\MSSQL.DIARY.UI.APP.csproj", "{0096D786-CB5A-4727-BFEF-305D7CF3BDA9}"
EndProject
Project("{2150E333-8FDC-42A3-9474-1A3956D46DE8}") = "MSSSQL.DIARY.DB", "MSSSQL.DIARY.DB", "{AD8DE901-24FF-46F4-A2B7-A15EFBFEB27B}"
	ProjectSection(SolutionItems) = preProject
		src\MSSSQL.DIARY.DB\MSSQLDIARY.db = src\MSSSQL.DIARY.DB\MSSQLDIARY.db
	EndProjectSection
EndProject
Project("{FAE04EC0-301F-11D3-BF4B-00C04F79EFBC}") = "MSSQL.DIARY.SERVICE.EXCEL", "src\MSSQL.DIARY.SERVICE.EXCEL\MSSQL.DIARY.SERVICE.EXCEL.csproj", "{4770F239-C366-4424-89DD-DEC241696E98}"
EndProject
Project("{2150E333-8FDC-42A3-9474-1A3956D46DE8}") = "SupportingSoftwares", "SupportingSoftwares", "{346CC217-1E08-4E38-99B2-ECA8BC54FBBF}"
EndProject
Project("{2150E333-8FDC-42A3-9474-1A3956D46DE8}") = "Graphviz 2.38", "Graphviz 2.38", "{6BAF1BA1-12EA-4EF0-AA3A-484749735EDA}"
	ProjectSection(SolutionItems) = preProject
		URL.html = URL.html
	EndProjectSection
EndProject
Project("{9A19103F-16F7-4668-BE54-9A1E7A4F7556}") = "SQLDocumentation", "src\SQLDocumentation\SQLDocumentation.csproj", "{A78AFC3E-36A6-4D41-9668-22AA8290B403}"
EndProject
Global
	GlobalSection(SolutionConfigurationPlatforms) = preSolution
		Debug|Any CPU = Debug|Any CPU
		Debug|x86 = Debug|x86
		Release|Any CPU = Release|Any CPU
		Release|x86 = Release|x86
	EndGlobalSection
	GlobalSection(ProjectConfigurationPlatforms) = postSolution
		{1EBBEF2C-7F00-4B7A-8349-AE2134CB56D6}.Debug|Any CPU.ActiveCfg = Debug|Any CPU
		{1EBBEF2C-7F00-4B7A-8349-AE2134CB56D6}.Debug|Any CPU.Build.0 = Debug|Any CPU
		{1EBBEF2C-7F00-4B7A-8349-AE2134CB56D6}.Debug|x86.ActiveCfg = Debug|Any CPU
		{1EBBEF2C-7F00-4B7A-8349-AE2134CB56D6}.Debug|x86.Build.0 = Debug|Any CPU
		{1EBBEF2C-7F00-4B7A-8349-AE2134CB56D6}.Release|Any CPU.ActiveCfg = Release|Any CPU
		{1EBBEF2C-7F00-4B7A-8349-AE2134CB56D6}.Release|Any CPU.Build.0 = Release|Any CPU
		{1EBBEF2C-7F00-4B7A-8349-AE2134CB56D6}.Release|x86.ActiveCfg = Release|Any CPU
		{1EBBEF2C-7F00-4B7A-8349-AE2134CB56D6}.Release|x86.Build.0 = Release|Any CPU
		{0E927839-90EA-4AA1-83B1-5D05869CDD5E}.Debug|Any CPU.ActiveCfg = Debug|Any CPU
		{0E927839-90EA-4AA1-83B1-5D05869CDD5E}.Debug|Any CPU.Build.0 = Debug|Any CPU
		{0E927839-90EA-4AA1-83B1-5D05869CDD5E}.Debug|x86.ActiveCfg = Debug|Any CPU
		{0E927839-90EA-4AA1-83B1-5D05869CDD5E}.Debug|x86.Build.0 = Debug|Any CPU
		{0E927839-90EA-4AA1-83B1-5D05869CDD5E}.Release|Any CPU.ActiveCfg = Release|Any CPU
		{0E927839-90EA-4AA1-83B1-5D05869CDD5E}.Release|Any CPU.Build.0 = Release|Any CPU
		{0E927839-90EA-4AA1-83B1-5D05869CDD5E}.Release|x86.ActiveCfg = Release|Any CPU
		{0E927839-90EA-4AA1-83B1-5D05869CDD5E}.Release|x86.Build.0 = Release|Any CPU
		{DCF008AC-23C2-4376-AA9D-F25D0391F9EF}.Debug|Any CPU.ActiveCfg = Debug|Any CPU
		{DCF008AC-23C2-4376-AA9D-F25D0391F9EF}.Debug|Any CPU.Build.0 = Debug|Any CPU
		{DCF008AC-23C2-4376-AA9D-F25D0391F9EF}.Debug|x86.ActiveCfg = Debug|Any CPU
		{DCF008AC-23C2-4376-AA9D-F25D0391F9EF}.Debug|x86.Build.0 = Debug|Any CPU
		{DCF008AC-23C2-4376-AA9D-F25D0391F9EF}.Release|Any CPU.ActiveCfg = Release|Any CPU
		{DCF008AC-23C2-4376-AA9D-F25D0391F9EF}.Release|Any CPU.Build.0 = Release|Any CPU
		{DCF008AC-23C2-4376-AA9D-F25D0391F9EF}.Release|x86.ActiveCfg = Release|Any CPU
		{DCF008AC-23C2-4376-AA9D-F25D0391F9EF}.Release|x86.Build.0 = Release|Any CPU
		{0803AEF1-FE9E-476C-AB79-1027323DAD53}.Debug|Any CPU.ActiveCfg = Debug|Any CPU
		{0803AEF1-FE9E-476C-AB79-1027323DAD53}.Debug|Any CPU.Build.0 = Debug|Any CPU
		{0803AEF1-FE9E-476C-AB79-1027323DAD53}.Debug|x86.ActiveCfg = Debug|Any CPU
		{0803AEF1-FE9E-476C-AB79-1027323DAD53}.Debug|x86.Build.0 = Debug|Any CPU
		{0803AEF1-FE9E-476C-AB79-1027323DAD53}.Release|Any CPU.ActiveCfg = Release|Any CPU
		{0803AEF1-FE9E-476C-AB79-1027323DAD53}.Release|Any CPU.Build.0 = Release|Any CPU
		{0803AEF1-FE9E-476C-AB79-1027323DAD53}.Release|x86.ActiveCfg = Release|Any CPU
		{0803AEF1-FE9E-476C-AB79-1027323DAD53}.Release|x86.Build.0 = Release|Any CPU
		{0096D786-CB5A-4727-BFEF-305D7CF3BDA9}.Debug|Any CPU.ActiveCfg = Debug|Any CPU
		{0096D786-CB5A-4727-BFEF-305D7CF3BDA9}.Debug|Any CPU.Build.0 = Debug|Any CPU
		{0096D786-CB5A-4727-BFEF-305D7CF3BDA9}.Debug|x86.ActiveCfg = Debug|Any CPU
		{0096D786-CB5A-4727-BFEF-305D7CF3BDA9}.Debug|x86.Build.0 = Debug|Any CPU
		{0096D786-CB5A-4727-BFEF-305D7CF3BDA9}.Release|Any CPU.ActiveCfg = Release|Any CPU
		{0096D786-CB5A-4727-BFEF-305D7CF3BDA9}.Release|Any CPU.Build.0 = Release|Any CPU
		{0096D786-CB5A-4727-BFEF-305D7CF3BDA9}.Release|x86.ActiveCfg = Release|Any CPU
		{0096D786-CB5A-4727-BFEF-305D7CF3BDA9}.Release|x86.Build.0 = Release|Any CPU
		{4770F239-C366-4424-89DD-DEC241696E98}.Debug|Any CPU.ActiveCfg = Debug|Any CPU
		{4770F239-C366-4424-89DD-DEC241696E98}.Debug|Any CPU.Build.0 = Debug|Any CPU
		{4770F239-C366-4424-89DD-DEC241696E98}.Debug|x86.ActiveCfg = Debug|Any CPU
		{4770F239-C366-4424-89DD-DEC241696E98}.Debug|x86.Build.0 = Debug|Any CPU
		{4770F239-C366-4424-89DD-DEC241696E98}.Release|Any CPU.ActiveCfg = Release|Any CPU
		{4770F239-C366-4424-89DD-DEC241696E98}.Release|Any CPU.Build.0 = Release|Any CPU
		{4770F239-C366-4424-89DD-DEC241696E98}.Release|x86.ActiveCfg = Release|Any CPU
		{4770F239-C366-4424-89DD-DEC241696E98}.Release|x86.Build.0 = Release|Any CPU
		{A78AFC3E-36A6-4D41-9668-22AA8290B403}.Debug|Any CPU.ActiveCfg = Debug|Any CPU
		{A78AFC3E-36A6-4D41-9668-22AA8290B403}.Debug|Any CPU.Build.0 = Debug|Any CPU
		{A78AFC3E-36A6-4D41-9668-22AA8290B403}.Debug|x86.ActiveCfg = Debug|Any CPU
		{A78AFC3E-36A6-4D41-9668-22AA8290B403}.Debug|x86.Build.0 = Debug|Any CPU
		{A78AFC3E-36A6-4D41-9668-22AA8290B403}.Release|Any CPU.ActiveCfg = Release|Any CPU
		{A78AFC3E-36A6-4D41-9668-22AA8290B403}.Release|Any CPU.Build.0 = Release|Any CPU
		{A78AFC3E-36A6-4D41-9668-22AA8290B403}.Release|x86.ActiveCfg = Release|Any CPU
		{A78AFC3E-36A6-4D41-9668-22AA8290B403}.Release|x86.Build.0 = Release|Any CPU
	EndGlobalSection
	GlobalSection(SolutionProperties) = preSolution
		HideSolutionNode = FALSE
	EndGlobalSection
	GlobalSection(NestedProjects) = preSolution
		{6BAF1BA1-12EA-4EF0-AA3A-484749735EDA} = {346CC217-1E08-4E38-99B2-ECA8BC54FBBF}
	EndGlobalSection
	GlobalSection(ExtensibilityGlobals) = postSolution
		SolutionGuid = {9F7F2283-C00B-4145-86D3-2239B0286A9A}
	EndGlobalSection
EndGlobal
